
Microsoft Visual Studio Solution File, Format Version 12.00
# Visual Studio Version 16
VisualStudioVersion = 25.0.1706.0
MinimumVisualStudioVersion = 10.0.40219.1
Project("{FAE04EC0-301F-11D3-BF4B-00C04F79EFBC}") = "DRproxyClient", "DRproxyClient.csproj", "{BA45912A-CBD8-4735-8E2E-0B242ADE7832}"
EndProject
Global
	GlobalSection(SolutionConfigurationPlatforms) = preSolution
		Debug|Any CPU = Debug|Any CPU
		Release|Any CPU = Release|Any CPU
	EndGlobalSection
	GlobalSection(ProjectConfigurationPlatforms) = postSolution
		{BA45912A-CBD8-4735-8E2E-0B242ADE7832}.Debug|Any CPU.ActiveCfg = Debug|Any CPU
		{BA45912A-CBD8-4735-8E2E-0B242ADE7832}.Debug|Any CPU.Build.0 = Debug|Any CPU
		{BA45912A-CBD8-4735-8E2E-0B242ADE7832}.Release|Any CPU.ActiveCfg = Release|Any CPU
		{BA45912A-CBD8-4735-8E2E-0B242ADE7832}.Release|Any CPU.Build.0 = Release|Any CPU
	EndGlobalSection
	GlobalSection(SolutionProperties) = preSolution
		HideSolutionNode = FALSE
	EndGlobalSection
	GlobalSection(ExtensibilityGlobals) = postSolution
		SolutionGuid = {3292AE0D-9E07-4B58-A2F5-D01E33252DB4}
	EndGlobalSection
EndGlobal
